
Microsoft Visual Studio Solution File, Format Version 12.00
Project("{F2A71F9B-5D33-465A-A702-920D77279786}") = "TestsPlayground", "TestsPlayground\TestsPlayground.fsproj", "{4B09CB3A-BB94-44CB-B492-A65A513E3A26}"
EndProject
Global
	GlobalSection(SolutionConfigurationPlatforms) = preSolution
		Debug|Any CPU = Debug|Any CPU
		Release|Any CPU = Release|Any CPU
	EndGlobalSection
	GlobalSection(ProjectConfigurationPlatforms) = postSolution
		{4B09CB3A-BB94-44CB-B492-A65A513E3A26}.Debug|Any CPU.ActiveCfg = Debug|Any CPU
		{4B09CB3A-BB94-44CB-B492-A65A513E3A26}.Debug|Any CPU.Build.0 = Debug|Any CPU
		{4B09CB3A-BB94-44CB-B492-A65A513E3A26}.Release|Any CPU.ActiveCfg = Release|Any CPU
		{4B09CB3A-BB94-44CB-B492-A65A513E3A26}.Release|Any CPU.Build.0 = Release|Any CPU
	EndGlobalSection
EndGlobal
